
Microsoft Visual Studio Solution File, Format Version 12.00
# Visual Studio Version 16
VisualStudioVersion = 16.0.31105.61
MinimumVisualStudioVersion = 10.0.40219.1
Project("{8BC9CEB8-8B4A-11D0-8D11-00A0C91BC942}") = "ThreadA", "ThreadA\ThreadA.vcxproj", "{E8937C7F-669E-464D-AA55-C04866DD3807}"
EndProject
Project("{8BC9CEB8-8B4A-11D0-8D11-00A0C91BC942}") = "ThreadB", "ThreadB\ThreadB.vcxproj", "{32FD1291-E4A0-4EAD-BA6E-FFF5BA3C1428}"
EndProject
Project("{8BC9CEB8-8B4A-11D0-8D11-00A0C91BC942}") = "ThreadC", "ThreadC\ThreadC.vcxproj", "{E0C39095-C4EE-4794-8508-159B0948C684}"
EndProject
Global
	GlobalSection(SolutionConfigurationPlatforms) = preSolution
		Debug|x64 = Debug|x64
		Debug|x86 = Debug|x86
		Release|x64 = Release|x64
		Release|x86 = Release|x86
	EndGlobalSection
	GlobalSection(ProjectConfigurationPlatforms) = postSolution
		{E8937C7F-669E-464D-AA55-C04866DD3807}.Debug|x64.ActiveCfg = Debug|x64
		{E8937C7F-669E-464D-AA55-C04866DD3807}.Debug|x64.Build.0 = Debug|x64
		{E8937C7F-669E-464D-AA55-C04866DD3807}.Debug|x86.ActiveCfg = Debug|Win32
		{E8937C7F-669E-464D-AA55-C04866DD3807}.Debug|x86.Build.0 = Debug|Win32
		{E8937C7F-669E-464D-AA55-C04866DD3807}.Release|x64.ActiveCfg = Release|x64
		{E8937C7F-669E-464D-AA55-C04866DD3807}.Release|x64.Build.0 = Release|x64
		{E8937C7F-669E-464D-AA55-C04866DD3807}.Release|x86.ActiveCfg = Release|Win32
		{E8937C7F-669E-464D-AA55-C04866DD3807}.Release|x86.Build.0 = Release|Win32
		{32FD1291-E4A0-4EAD-BA6E-FFF5BA3C1428}.Debug|x64.ActiveCfg = Debug|x64
		{32FD1291-E4A0-4EAD-BA6E-FFF5BA3C1428}.Debug|x64.Build.0 = Debug|x64
		{32FD1291-E4A0-4EAD-BA6E-FFF5BA3C1428}.Debug|x86.ActiveCfg = Debug|Win32
		{32FD1291-E4A0-4EAD-BA6E-FFF5BA3C1428}.Debug|x86.Build.0 = Debug|Win32
		{32FD1291-E4A0-4EAD-BA6E-FFF5BA3C1428}.Release|x64.ActiveCfg = Release|x64
		{32FD1291-E4A0-4EAD-BA6E-FFF5BA3C1428}.Release|x64.Build.0 = Release|x64
		{32FD1291-E4A0-4EAD-BA6E-FFF5BA3C1428}.Release|x86.ActiveCfg = Release|Win32
		{32FD1291-E4A0-4EAD-BA6E-FFF5BA3C1428}.Release|x86.Build.0 = Release|Win32
		{E0C39095-C4EE-4794-8508-159B0948C684}.Debug|x64.ActiveCfg = Debug|x64
		{E0C39095-C4EE-4794-8508-159B0948C684}.Debug|x64.Build.0 = Debug|x64
		{E0C39095-C4EE-4794-8508-159B0948C684}.Debug|x86.ActiveCfg = Debug|Win32
		{E0C39095-C4EE-4794-8508-159B0948C684}.Debug|x86.Build.0 = Debug|Win32
		{E0C39095-C4EE-4794-8508-159B0948C684}.Release|x64.ActiveCfg = Release|x64
		{E0C39095-C4EE-4794-8508-159B0948C684}.Release|x64.Build.0 = Release|x64
		{E0C39095-C4EE-4794-8508-159B0948C684}.Release|x86.ActiveCfg = Release|Win32
		{E0C39095-C4EE-4794-8508-159B0948C684}.Release|x86.Build.0 = Release|Win32
	EndGlobalSection
	GlobalSection(SolutionProperties) = preSolution
		HideSolutionNode = FALSE
	EndGlobalSection
	GlobalSection(ExtensibilityGlobals) = postSolution
		SolutionGuid = {E4E3522F-A612-4B44-A6F2-358FDA394C97}
	EndGlobalSection
EndGlobal
